// !$*UTF8*$!
{
	archiveVersion = 1;
	classes = {
	};
	objectVersion = 46;
	objects = {

/* Begin PBXBuildFile section */
		6D1AA6C11E53FEC500F51D1B /* Makefile in Sources */ = {isa = PBXBuildFile; fileRef = 6D1AA6BE1E53FEC500F51D1B /* Makefile */; };
		6D1AA6C21E53FEC500F51D1B /* socket.c in Sources */ = {isa = PBXBuildFile; fileRef = 6D1AA6BF1E53FEC500F51D1B /* socket.c */; };
		6D1AA6C31E53FEC500F51D1B /* webbench.c in Sources */ = {isa = PBXBuildFile; fileRef = 6D1AA6C01E53FEC500F51D1B /* webbench.c */; };
/* End PBXBuildFile section */

/* Begin PBXCopyFilesBuildPhase section */
		6D1AA6B21E53FEB200F51D1B /* CopyFiles */ = {
			isa = PBXCopyFilesBuildPhase;
			buildActionMask = 2147483647;
			dstPath = /usr/share/man/man1/;
			dstSubfolderSpec = 0;
			files = (
			);
			runOnlyForDeploymentPostprocessing = 1;
		};
/* End PBXCopyFilesBuildPhase section */

/* Begin PBXFileReference section */
		6D1AA6B41E53FEB200F51D1B /* WebBench */ = {isa = PBXFileReference; explicitFileType = "compiled.mach-o.executable"; includeInIndex = 0; path = WebBench; sourceTree = BUILT_PRODUCTS_DIR; };
		6D1AA6BE1E53FEC500F51D1B /* Makefile */ = {isa = PBXFileReference; fileEncoding = 4; lastKnownFileType = sourcecode.make; path = Makefile; sourceTree = "<group>"; };
		6D1AA6BF1E53FEC500F51D1B /* socket.c */ = {isa = PBXFileReference; fileEncoding = 4; lastKnownFileType = sourcecode.c.c; path = socket.c; sourceTree = "<group>"; };
		6D1AA6C01E53FEC500F51D1B /* webbench.c */ = {isa = PBXFileReference; fileEncoding = 4; lastKnownFileType = sourcecode.c.c; path = webbench.c; sourceTree = "<group>"; };
/* End PBXFileReference section */

/* Begin PBXFrameworksBuildPhase section */
		6D1AA6B11E53FEB200F51D1B /* Frameworks */ = {
			isa = PBXFrameworksBuildPhase;
			buildActionMask = 2147483647;
			files = (
			);
			runOnlyForDeploymentPostprocessing = 0;
		};
/* End PBXFrameworksBuildPhase section */

/* Begin PBXGroup section */
		6D1AA6AB1E53FEB200F51D1B = {
			isa = PBXGroup;
			children = (
				6D1AA6B61E53FEB200F51D1B /* WebBench */,
				6D1AA6B51E53FEB200F51D1B /* Products */,
			);
			sourceTree = "<group>";
		};
		6D1AA6B51E53FEB200F51D1B /* Products */ = {
			isa = PBXGroup;
			children = (
				6D1AA6B41E53FEB200F51D1B /* WebBench */,
			);
			name = Products;
			sourceTree = "<group>";
		};
		6D1AA6B61E53FEB200F51D1B /* WebBench */ = {
			isa = PBXGroup;
			children = (
				6D1AA6BE1E53FEC500F51D1B /* Makefile */,
				6D1AA6BF1E53FEC500F51D1B /* socket.c */,
				6D1AA6C01E53FEC500F51D1B /* webbench.c */,
			);
			path = WebBench;
			sourceTree = "<group>";
		};
/* End PBXGroup section */

/* Begin PBXNativeTarget section */
		6D1AA6B31E53FEB200F51D1B /* WebBench */ = {
			isa = PBXNativeTarget;
			buildConfigurationList = 6D1AA6BB1E53FEB200F51D1B /* Build configuration list for PBXNativeTarget "WebBench" */;
			buildPhases = (
				6D1AA6B01E53FEB200F51D1B /* Sources */,
				6D1AA6B11E53FEB200F51D1B /* Frameworks */,
				6D1AA6B21E53FEB200F51D1B /* CopyFiles */,
			);
			buildRules = (
			);
			dependencies = (
			);
			name = WebBench;
			productName = WebBench;
			productReference = 6D1AA6B41E53FEB200F51D1B /* WebBench */;
			productType = "com.apple.product-type.tool";
		};
/* End PBXNativeTarget section */

/* Begin PBXProject section */
		6D1AA6AC1E53FEB200F51D1B /* Project object */ = {
			isa = PBXProject;
			attributes = {
				LastUpgradeCheck = 0820;
				ORGANIZATIONNAME = "Geek George";
				TargetAttributes = {
					6D1AA6B31E53FEB200F51D1B = {
						CreatedOnToolsVersion = 8.2.1;
						ProvisioningStyle = Automatic;
					};
				};
			};
			buildConfigurationList = 6D1AA6AF1E53FEB200F51D1B /* Build configuration list for PBXProject "WebBench" */;
			compatibilityVersion = "Xcode 3.2";
			developmentRegion = English;
			hasScannedForEncodings = 0;
			knownRegions = (
				en,
			);
			mainGroup = 6D1AA6AB1E53FEB200F51D1B;
			productRefGroup = 6D1AA6B51E53FEB200F51D1B /* Products */;
			projectDirPath = "";
			projectRoot = "";
			targets = (
				6D1AA6B31E53FEB200F51D1B /* WebBench */,
			);
		};
/* End PBXProject section */

/* Begin PBXSourcesBuildPhase section */
		6D1AA6B01E53FEB200F51D1B /* Sources */ = {
			isa = PBXSourcesBuildPhase;
			buildActionMask = 2147483647;
			files = (
				6D1AA6C31E53FEC500F51D1B /* webbench.c in Sources */,
				6D1AA6C21E53FEC500F51D1B /* socket.c in Sources */,
				6D1AA6C11E53FEC500F51D1B /* Makefile in Sources */,
			);
			runOnlyForDeploymentPostprocessing = 0;
		};
/* End PBXSourcesBuildPhase section */

/* Begin XCBuildConfiguration section */
		6D1AA6B91E53FEB200F51D1B /* Debug */ = {
			isa = XCBuildConfiguration;
			buildSettings = {
				ALWAYS_SEARCH_USER_PATHS = NO;
				CLANG_ANALYZER_NONNULL = YES;
				CLANG_CXX_LANGUAGE_STANDARD = "gnu++0x";
				CLANG_CXX_LIBRARY = "libc++";
				CLANG_ENABLE_MODULES = YES;
				CLANG_ENABLE_OBJC_ARC = YES;
				CLANG_WARN_BOOL_CONVERSION = YES;
				CLANG_WARN_CONSTANT_CONVERSION = YES;
				CLANG_WARN_DIRECT_OBJC_ISA_USAGE = YES_ERROR;
				CLANG_WARN_DOCUMENTATION_COMMENTS = YES;
				CLANG_WARN_EMPTY_BODY = YES;
				CLANG_WARN_ENUM_CONVERSION = YES;
				CLANG_WARN_INFINITE_RECURSION = YES;
				CLANG_WARN_INT_CONVERSION = YES;
				CLANG_WARN_OBJC_ROOT_CLASS = YES_ERROR;
				CLANG_WARN_SUSPICIOUS_MOVE = YES;
				CLANG_WARN_UNREACHABLE_CODE = YES;
				CLANG_WARN__DUPLICATE_METHOD_MATCH = YES;
				CODE_SIGN_IDENTITY = "-";
				COPY_PHASE_STRIP = NO;
				DEBUG_INFORMATION_FORMAT = dwarf;
				ENABLE_STRICT_OBJC_MSGSEND = YES;
				ENABLE_TESTABILITY = YES;
				GCC_C_LANGUAGE_STANDARD = gnu99;
				GCC_DYNAMIC_NO_PIC = NO;
				GCC_NO_COMMON_BLOCKS = YES;
				GCC_OPTIMIZATION_LEVEL = 0;
				GCC_PREPROCESSOR_DEFINITIONS = (
					"DEBUG=1",
					"$(inherited)",
				);
				GCC_WARN_64_TO_32_BIT_CONVERSION = YES;
				GCC_WARN_ABOUT_RETURN_TYPE = YES_ERROR;
				GCC_WARN_UNDECLARED_SELECTOR = YES;
				GCC_WARN_UNINITIALIZED_AUTOS = YES_AGGRESSIVE;
				GCC_WARN_UNUSED_FUNCTION = YES;
				GCC_WARN_UNUSED_VARIABLE = YES;
				MACOSX_DEPLOYMENT_TARGET = 10.12;
				MTL_ENABLE_DEBUG_INFO = YES;
				ONLY_ACTIVE_ARCH = YES;
				SDKROOT = macosx;
			};
			name = Debug;
		};
		6D1AA6BA1E53FEB200F51D1B /* Release */ = {
			isa = XCBuildConfiguration;
			buildSettings = {
				ALWAYS_SEARCH_USER_PATHS = NO;
				CLANG_ANALYZER_NONNULL = YES;
				CLANG_CXX_LANGUAGE_STANDARD = "gnu++0x";
				CLANG_CXX_LIBRARY = "libc++";
				CLANG_ENABLE_MODULES = YES;
				CLANG_ENABLE_OBJC_ARC = YES;
				CLANG_WARN_BOOL_CONVERSION = YES;
				CLANG_WARN_CONSTANT_CONVERSION = YES;
				CLANG_WARN_DIRECT_OBJC_ISA_USAGE = YES_ERROR;
				CLANG_WARN_DOCUMENTATION_COMMENTS = YES;
				CLANG_WARN_EMPTY_BODY = YES;
				CLANG_WARN_ENUM_CONVERSION = YES;
				CLANG_WARN_INFINITE_RECURSION = YES;
				CLANG_WARN_INT_CONVERSION = YES;
				CLANG_WARN_OBJC_ROOT_CLASS = YES_ERROR;
				CLANG_WARN_SUSPICIOUS_MOVE = YES;
				CLANG_WARN_UNREACHABLE_CODE = YES;
				CLANG_WARN__DUPLICATE_METHOD_MATCH = YES;
				CODE_SIGN_IDENTITY = "-";
				COPY_PHASE_STRIP = NO;
				DEBUG_INFORMATION_FORMAT = "dwarf-with-dsym";
				ENABLE_NS_ASSERTIONS = NO;
				ENABLE_STRICT_OBJC_MSGSEND = YES;
				GCC_C_LANGUAGE_STANDARD = gnu99;
				GCC_NO_COMMON_BLOCKS = YES;
				GCC_WARN_64_TO_32_BIT_CONVERSION = YES;
				GCC_WARN_ABOUT_RETURN_TYPE = YES_ERROR;
				GCC_WARN_UNDECLARED_SELECTOR = YES;
				GCC_WARN_UNINITIALIZED_AUTOS = YES_AGGRESSIVE;
				GCC_WARN_UNUSED_FUNCTION = YES;
				GCC_WARN_UNUSED_VARIABLE = YES;
				MACOSX_DEPLOYMENT_TARGET = 10.12;
				MTL_ENABLE_DEBUG_INFO = NO;
				SDKROOT = macosx;
			};
			name = Release;
		};
		6D1AA6BC1E53FEB200F51D1B /* Debug */ = {
			isa = XCBuildConfiguration;
			buildSettings = {
				PRODUCT_NAME = "$(TARGET_NAME)";
			};
			name = Debug;
		};
		6D1AA6BD1E53FEB200F51D1B /* Release */ = {
			isa = XCBuildConfiguration;
			buildSettings = {
				PRODUCT_NAME = "$(TARGET_NAME)";
			};
			name = Release;
		};
/* End XCBuildConfiguration section */

/* Begin XCConfigurationList section */
		6D1AA6AF1E53FEB200F51D1B /* Build configuration list for PBXProject "WebBench" */ = {
			isa = XCConfigurationList;
			buildConfigurations = (
				6D1AA6B91E53FEB200F51D1B /* Debug */,
				6D1AA6BA1E53FEB200F51D1B /* Release */,
			);
			defaultConfigurationIsVisible = 0;
			defaultConfigurationName = Release;
		};
		6D1AA6BB1E53FEB200F51D1B /* Build configuration list for PBXNativeTarget "WebBench" */ = {
			isa = XCConfigurationList;
			buildConfigurations = (
				6D1AA6BC1E53FEB200F51D1B /* Debug */,
				6D1AA6BD1E53FEB200F51D1B /* Release */,
			);
			defaultConfigurationIsVisible = 0;
		};
/* End XCConfigurationList section */
	};
	rootObject = 6D1AA6AC1E53FEB200F51D1B /* Project object */;
}
